
Microsoft Visual Studio Solution File, Format Version 12.00
# Visual Studio Version 17
VisualStudioVersion = 17.8.34330.188
MinimumVisualStudioVersion = 10.0.40219.1
Project("{FAE04EC0-301F-11D3-BF4B-00C04F79EFBC}") = "Asp.net Core - Support Microsoft", "Asp.net Core - Support Microsoft\Asp.net Core - Support Microsoft.csproj", "{116FC0E4-A385-4BE0-BC68-653EF230FDBF}"
EndProject
Global
	GlobalSection(SolutionConfigurationPlatforms) = preSolution
		Debug|Any CPU = Debug|Any CPU
		Release|Any CPU = Release|Any CPU
	EndGlobalSection
	GlobalSection(ProjectConfigurationPlatforms) = postSolution
		{116FC0E4-A385-4BE0-BC68-653EF230FDBF}.Debug|Any CPU.ActiveCfg = Debug|Any CPU
		{116FC0E4-A385-4BE0-BC68-653EF230FDBF}.Debug|Any CPU.Build.0 = Debug|Any CPU
		{116FC0E4-A385-4BE0-BC68-653EF230FDBF}.Release|Any CPU.ActiveCfg = Release|Any CPU
		{116FC0E4-A385-4BE0-BC68-653EF230FDBF}.Release|Any CPU.Build.0 = Release|Any CPU
	EndGlobalSection
	GlobalSection(SolutionProperties) = preSolution
		HideSolutionNode = FALSE
	EndGlobalSection
	GlobalSection(ExtensibilityGlobals) = postSolution
		SolutionGuid = {54CF31D9-A155-4BB0-8178-D9842C58067D}
	EndGlobalSection
EndGlobal
