
Microsoft Visual Studio Solution File, Format Version 12.00
# Visual Studio Version 17
VisualStudioVersion = 17.8.34330.188
MinimumVisualStudioVersion = 10.0.40219.1
Project("{9A19103F-16F7-4668-BE54-9A1E7A4F7556}") = "Asp.net Core - Todo API", "Asp.net Core - Todo API.csproj", "{8CBEA2BC-A0B8-40C3-976C-B96169CBFD94}"
EndProject
Global
	GlobalSection(SolutionConfigurationPlatforms) = preSolution
		Debug|Any CPU = Debug|Any CPU
		Release|Any CPU = Release|Any CPU
	EndGlobalSection
	GlobalSection(ProjectConfigurationPlatforms) = postSolution
		{8CBEA2BC-A0B8-40C3-976C-B96169CBFD94}.Debug|Any CPU.ActiveCfg = Debug|Any CPU
		{8CBEA2BC-A0B8-40C3-976C-B96169CBFD94}.Debug|Any CPU.Build.0 = Debug|Any CPU
		{8CBEA2BC-A0B8-40C3-976C-B96169CBFD94}.Release|Any CPU.ActiveCfg = Release|Any CPU
		{8CBEA2BC-A0B8-40C3-976C-B96169CBFD94}.Release|Any CPU.Build.0 = Release|Any CPU
	EndGlobalSection
	GlobalSection(SolutionProperties) = preSolution
		HideSolutionNode = FALSE
	EndGlobalSection
	GlobalSection(ExtensibilityGlobals) = postSolution
		SolutionGuid = {13EEB009-84CE-49C3-AF4E-ECFA6CB297BC}
	EndGlobalSection
EndGlobal
